
Microsoft Visual Studio Solution File, Format Version 12.00
# Visual Studio Version 17
VisualStudioVersion = 17.10.34916.146
MinimumVisualStudioVersion = 10.0.40219.1
Project("{8BC9CEB8-8B4A-11D0-8D11-00A0C91BC942}") = "zadanie_05", "zadanie_05.vcxproj", "{F106DD38-3FE3-4B5B-857C-112358C6997D}"
EndProject
Global
	GlobalSection(SolutionConfigurationPlatforms) = preSolution
		Debug|x64 = Debug|x64
		Debug|x86 = Debug|x86
		Release|x64 = Release|x64
		Release|x86 = Release|x86
	EndGlobalSection
	GlobalSection(ProjectConfigurationPlatforms) = postSolution
		{F106DD38-3FE3-4B5B-857C-112358C6997D}.Debug|x64.ActiveCfg = Debug|x64
		{F106DD38-3FE3-4B5B-857C-112358C6997D}.Debug|x64.Build.0 = Debug|x64
		{F106DD38-3FE3-4B5B-857C-112358C6997D}.Debug|x86.ActiveCfg = Debug|Win32
		{F106DD38-3FE3-4B5B-857C-112358C6997D}.Debug|x86.Build.0 = Debug|Win32
		{F106DD38-3FE3-4B5B-857C-112358C6997D}.Release|x64.ActiveCfg = Release|x64
		{F106DD38-3FE3-4B5B-857C-112358C6997D}.Release|x64.Build.0 = Release|x64
		{F106DD38-3FE3-4B5B-857C-112358C6997D}.Release|x86.ActiveCfg = Release|Win32
		{F106DD38-3FE3-4B5B-857C-112358C6997D}.Release|x86.Build.0 = Release|Win32
	EndGlobalSection
	GlobalSection(SolutionProperties) = preSolution
		HideSolutionNode = FALSE
	EndGlobalSection
	GlobalSection(ExtensibilityGlobals) = postSolution
		SolutionGuid = {12688CDF-D793-4737-A663-867C7883DBD9}
	EndGlobalSection
EndGlobal
